// !$*UTF8*$!
{
	archiveVersion = 1;
	classes = {
	};
	objectVersion = 77;
	objects = {

/* Begin PBXBuildFile section */
		61F07B162CB6CB5000814424 /* README.md in Resources */ = {isa = PBXBuildFile; fileRef = 61F07B152CB6CB5000814424 /* README.md */; };
/* End PBXBuildFile section */

/* Begin PBXContainerItemProxy section */
		616A839D2CB031AA0069E71C /* PBXContainerItemProxy */ = {
			isa = PBXContainerItemProxy;
			containerPortal = 616A83842CB031A90069E71C /* Project object */;
			proxyType = 1;
			remoteGlobalIDString = 616A838B2CB031A90069E71C;
			remoteInfo = ClearSky;
		};
		616A83A72CB031AA0069E71C /* PBXContainerItemProxy */ = {
			isa = PBXContainerItemProxy;
			containerPortal = 616A83842CB031A90069E71C /* Project object */;
			proxyType = 1;
			remoteGlobalIDString = 616A838B2CB031A90069E71C;
			remoteInfo = ClearSky;
		};
/* End PBXContainerItemProxy section */

/* Begin PBXFileReference section */
		616A838C2CB031A90069E71C /* ClearSky.app */ = {isa = PBXFileReference; explicitFileType = wrapper.application; includeInIndex = 0; path = ClearSky.app; sourceTree = BUILT_PRODUCTS_DIR; };
		616A839C2CB031AA0069E71C /* ClearSkyTests.xctest */ = {isa = PBXFileReference; explicitFileType = wrapper.cfbundle; includeInIndex = 0; path = ClearSkyTests.xctest; sourceTree = BUILT_PRODUCTS_DIR; };
		616A83A62CB031AA0069E71C /* ClearSkyUITests.xctest */ = {isa = PBXFileReference; explicitFileType = wrapper.cfbundle; includeInIndex = 0; path = ClearSkyUITests.xctest; sourceTree = BUILT_PRODUCTS_DIR; };
		61F07B152CB6CB5000814424 /* README.md */ = {isa = PBXFileReference; lastKnownFileType = net.daringfireball.markdown; path = README.md; sourceTree = "<group>"; };
/* End PBXFileReference section */

/* Begin PBXFileSystemSynchronizedBuildFileExceptionSet section */
		61F07C0B2CB6E24700814424 /* Exceptions for "ClearSky" folder in "ClearSky" target */ = {
			isa = PBXFileSystemSynchronizedBuildFileExceptionSet;
			membershipExceptions = (
				Info.plist,
			);
			target = 616A838B2CB031A90069E71C /* ClearSky */;
		};
/* End PBXFileSystemSynchronizedBuildFileExceptionSet section */

/* Begin PBXFileSystemSynchronizedRootGroup section */
		616A838E2CB031A90069E71C /* ClearSky */ = {
			isa = PBXFileSystemSynchronizedRootGroup;
			exceptions = (
				61F07C0B2CB6E24700814424 /* Exceptions for "ClearSky" folder in "ClearSky" target */,
			);
			path = ClearSky;
			sourceTree = "<group>";
		};
		616A839F2CB031AA0069E71C /* ClearSkyTests */ = {
			isa = PBXFileSystemSynchronizedRootGroup;
			path = ClearSkyTests;
			sourceTree = "<group>";
		};
		616A83A92CB031AA0069E71C /* ClearSkyUITests */ = {
			isa = PBXFileSystemSynchronizedRootGroup;
			path = ClearSkyUITests;
			sourceTree = "<group>";
		};
/* End PBXFileSystemSynchronizedRootGroup section */

/* Begin PBXFrameworksBuildPhase section */
		616A83892CB031A90069E71C /* Frameworks */ = {
			isa = PBXFrameworksBuildPhase;
			buildActionMask = 2147483647;
			files = (
			);
			runOnlyForDeploymentPostprocessing = 0;
		};
		616A83992CB031AA0069E71C /* Frameworks */ = {
			isa = PBXFrameworksBuildPhase;
			buildActionMask = 2147483647;
			files = (
			);
			runOnlyForDeploymentPostprocessing = 0;
		};
		616A83A32CB031AA0069E71C /* Frameworks */ = {
			isa = PBXFrameworksBuildPhase;
			buildActionMask = 2147483647;
			files = (
			);
			runOnlyForDeploymentPostprocessing = 0;
		};
/* End PBXFrameworksBuildPhase section */

/* Begin PBXGroup section */
		616A83832CB031A90069E71C = {
			isa = PBXGroup;
			children = (
				61F07B152CB6CB5000814424 /* README.md */,
				616A838E2CB031A90069E71C /* ClearSky */,
				616A839F2CB031AA0069E71C /* ClearSkyTests */,
				616A83A92CB031AA0069E71C /* ClearSkyUITests */,
				616A838D2CB031A90069E71C /* Products */,
			);
			sourceTree = "<group>";
		};
		616A838D2CB031A90069E71C /* Products */ = {
			isa = PBXGroup;
			children = (
				616A838C2CB031A90069E71C /* ClearSky.app */,
				616A839C2CB031AA0069E71C /* ClearSkyTests.xctest */,
				616A83A62CB031AA0069E71C /* ClearSkyUITests.xctest */,
			);
			name = Products;
			sourceTree = "<group>";
		};
/* End PBXGroup section */

/* Begin PBXNativeTarget section */
		616A838B2CB031A90069E71C /* ClearSky */ = {
			isa = PBXNativeTarget;
			buildConfigurationList = 616A83B02CB031AA0069E71C /* Build configuration list for PBXNativeTarget "ClearSky" */;
			buildPhases = (
				616A83882CB031A90069E71C /* Sources */,
				616A83892CB031A90069E71C /* Frameworks */,
				616A838A2CB031A90069E71C /* Resources */,
			);
			buildRules = (
			);
			dependencies = (
			);
			fileSystemSynchronizedGroups = (
				616A838E2CB031A90069E71C /* ClearSky */,
			);
			name = ClearSky;
			packageProductDependencies = (
			);
			productName = ClearSky;
			productReference = 616A838C2CB031A90069E71C /* ClearSky.app */;
			productType = "com.apple.product-type.application";
		};
		616A839B2CB031AA0069E71C /* ClearSkyTests */ = {
			isa = PBXNativeTarget;
			buildConfigurationList = 616A83B32CB031AA0069E71C /* Build configuration list for PBXNativeTarget "ClearSkyTests" */;
			buildPhases = (
				616A83982CB031AA0069E71C /* Sources */,
				616A83992CB031AA0069E71C /* Frameworks */,
				616A839A2CB031AA0069E71C /* Resources */,
			);
			buildRules = (
			);
			dependencies = (
				616A839E2CB031AA0069E71C /* PBXTargetDependency */,
			);
			fileSystemSynchronizedGroups = (
				616A839F2CB031AA0069E71C /* ClearSkyTests */,
			);
			name = ClearSkyTests;
			packageProductDependencies = (
			);
			productName = ClearSkyTests;
			productReference = 616A839C2CB031AA0069E71C /* ClearSkyTests.xctest */;
			productType = "com.apple.product-type.bundle.unit-test";
		};
		616A83A52CB031AA0069E71C /* ClearSkyUITests */ = {
			isa = PBXNativeTarget;
			buildConfigurationList = 616A83B62CB031AA0069E71C /* Build configuration list for PBXNativeTarget "ClearSkyUITests" */;
			buildPhases = (
				616A83A22CB031AA0069E71C /* Sources */,
				616A83A32CB031AA0069E71C /* Frameworks */,
				616A83A42CB031AA0069E71C /* Resources */,
			);
			buildRules = (
			);
			dependencies = (
				616A83A82CB031AA0069E71C /* PBXTargetDependency */,
			);
			fileSystemSynchronizedGroups = (
				616A83A92CB031AA0069E71C /* ClearSkyUITests */,
			);
			name = ClearSkyUITests;
			packageProductDependencies = (
			);
			productName = ClearSkyUITests;
			productReference = 616A83A62CB031AA0069E71C /* ClearSkyUITests.xctest */;
			productType = "com.apple.product-type.bundle.ui-testing";
		};
/* End PBXNativeTarget section */

/* Begin PBXProject section */
		616A83842CB031A90069E71C /* Project object */ = {
			isa = PBXProject;
			attributes = {
				BuildIndependentTargetsInParallel = 1;
				LastSwiftUpdateCheck = 1600;
				LastUpgradeCheck = 1600;
				TargetAttributes = {
					616A838B2CB031A90069E71C = {
						CreatedOnToolsVersion = 16.0;
					};
					616A839B2CB031AA0069E71C = {
						CreatedOnToolsVersion = 16.0;
						TestTargetID = 616A838B2CB031A90069E71C;
					};
					616A83A52CB031AA0069E71C = {
						CreatedOnToolsVersion = 16.0;
						TestTargetID = 616A838B2CB031A90069E71C;
					};
				};
			};
			buildConfigurationList = 616A83872CB031A90069E71C /* Build configuration list for PBXProject "ClearSky" */;
			developmentRegion = en;
			hasScannedForEncodings = 0;
			knownRegions = (
				en,
				Base,
			);
			mainGroup = 616A83832CB031A90069E71C;
			minimizedProjectReferenceProxies = 1;
			preferredProjectObjectVersion = 77;
			productRefGroup = 616A838D2CB031A90069E71C /* Products */;
			projectDirPath = "";
			projectRoot = "";
			targets = (
				616A838B2CB031A90069E71C /* ClearSky */,
				616A839B2CB031AA0069E71C /* ClearSkyTests */,
				616A83A52CB031AA0069E71C /* ClearSkyUITests */,
			);
		};
/* End PBXProject section */

/* Begin PBXResourcesBuildPhase section */
		616A838A2CB031A90069E71C /* Resources */ = {
			isa = PBXResourcesBuildPhase;
			buildActionMask = 2147483647;
			files = (
				61F07B162CB6CB5000814424 /* README.md in Resources */,
			);
			runOnlyForDeploymentPostprocessing = 0;
		};
		616A839A2CB031AA0069E71C /* Resources */ = {
			isa = PBXResourcesBuildPhase;
			buildActionMask = 2147483647;
			files = (
			);
			runOnlyForDeploymentPostprocessing = 0;
		};
		616A83A42CB031AA0069E71C /* Resources */ = {
			isa = PBXResourcesBuildPhase;
			buildActionMask = 2147483647;
			files = (
			);
			runOnlyForDeploymentPostprocessing = 0;
		};
/* End PBXResourcesBuildPhase section */

/* Begin PBXSourcesBuildPhase section */
		616A83882CB031A90069E71C /* Sources */ = {
			isa = PBXSourcesBuildPhase;
			buildActionMask = 2147483647;
			files = (
			);
			runOnlyForDeploymentPostprocessing = 0;
		};
		616A83982CB031AA0069E71C /* Sources */ = {
			isa = PBXSourcesBuildPhase;
			buildActionMask = 2147483647;
			files = (
			);
			runOnlyForDeploymentPostprocessing = 0;
		};
		616A83A22CB031AA0069E71C /* Sources */ = {
			isa = PBXSourcesBuildPhase;
			buildActionMask = 2147483647;
			files = (
			);
			runOnlyForDeploymentPostprocessing = 0;
		};
/* End PBXSourcesBuildPhase section */

/* Begin PBXTargetDependency section */
		616A839E2CB031AA0069E71C /* PBXTargetDependency */ = {
			isa = PBXTargetDependency;
			target = 616A838B2CB031A90069E71C /* ClearSky */;
			targetProxy = 616A839D2CB031AA0069E71C /* PBXContainerItemProxy */;
		};
		616A83A82CB031AA0069E71C /* PBXTargetDependency */ = {
			isa = PBXTargetDependency;
			target = 616A838B2CB031A90069E71C /* ClearSky */;
			targetProxy = 616A83A72CB031AA0069E71C /* PBXContainerItemProxy */;
		};
/* End PBXTargetDependency section */

/* Begin XCBuildConfiguration section */
		616A83AE2CB031AA0069E71C /* Debug */ = {
			isa = XCBuildConfiguration;
			buildSettings = {
				ALWAYS_SEARCH_USER_PATHS = NO;
				ASSETCATALOG_COMPILER_GENERATE_SWIFT_ASSET_SYMBOL_EXTENSIONS = YES;
				CLANG_ANALYZER_NONNULL = YES;
				CLANG_ANALYZER_NUMBER_OBJECT_CONVERSION = YES_AGGRESSIVE;
				CLANG_CXX_LANGUAGE_STANDARD = "gnu++20";
				CLANG_ENABLE_MODULES = YES;
				CLANG_ENABLE_OBJC_ARC = YES;
				CLANG_ENABLE_OBJC_WEAK = YES;
				CLANG_WARN_BLOCK_CAPTURE_AUTORELEASING = YES;
				CLANG_WARN_BOOL_CONVERSION = YES;
				CLANG_WARN_COMMA = YES;
				CLANG_WARN_CONSTANT_CONVERSION = YES;
				CLANG_WARN_DEPRECATED_OBJC_IMPLEMENTATIONS = YES;
				CLANG_WARN_DIRECT_OBJC_ISA_USAGE = YES_ERROR;
				CLANG_WARN_DOCUMENTATION_COMMENTS = YES;
				CLANG_WARN_EMPTY_BODY = YES;
				CLANG_WARN_ENUM_CONVERSION = YES;
				CLANG_WARN_INFINITE_RECURSION = YES;
				CLANG_WARN_INT_CONVERSION = YES;
				CLANG_WARN_NON_LITERAL_NULL_CONVERSION = YES;
				CLANG_WARN_OBJC_IMPLICIT_RETAIN_SELF = YES;
				CLANG_WARN_OBJC_LITERAL_CONVERSION = YES;
				CLANG_WARN_OBJC_ROOT_CLASS = YES_ERROR;
				CLANG_WARN_QUOTED_INCLUDE_IN_FRAMEWORK_HEADER = YES;
				CLANG_WARN_RANGE_LOOP_ANALYSIS = YES;
				CLANG_WARN_STRICT_PROTOTYPES = YES;
				CLANG_WARN_SUSPICIOUS_MOVE = YES;
				CLANG_WARN_UNGUARDED_AVAILABILITY = YES_AGGRESSIVE;
				CLANG_WARN_UNREACHABLE_CODE = YES;
				CLANG_WARN__DUPLICATE_METHOD_MATCH = YES;
				COPY_PHASE_STRIP = NO;
				DEBUG_INFORMATION_FORMAT = dwarf;
				ENABLE_STRICT_OBJC_MSGSEND = YES;
				ENABLE_TESTABILITY = YES;
				ENABLE_USER_SCRIPT_SANDBOXING = YES;
				GCC_C_LANGUAGE_STANDARD = gnu17;
				GCC_DYNAMIC_NO_PIC = NO;
				GCC_NO_COMMON_BLOCKS = YES;
				GCC_OPTIMIZATION_LEVEL = 0;
				GCC_PREPROCESSOR_DEFINITIONS = (
					"DEBUG=1",
					"$(inherited)",
				);
				GCC_WARN_64_TO_32_BIT_CONVERSION = YES;
				GCC_WARN_ABOUT_RETURN_TYPE = YES_ERROR;
				GCC_WARN_UNDECLARED_SELECTOR = YES;
				GCC_WARN_UNINITIALIZED_AUTOS = YES_AGGRESSIVE;
				GCC_WARN_UNUSED_FUNCTION = YES;
				GCC_WARN_UNUSED_VARIABLE = YES;
				IPHONEOS_DEPLOYMENT_TARGET = 18.0;
				LOCALIZATION_PREFERS_STRING_CATALOGS = YES;
				MTL_ENABLE_DEBUG_INFO = INCLUDE_SOURCE;
				MTL_FAST_MATH = YES;
				ONLY_ACTIVE_ARCH = YES;
				SDKROOT = iphoneos;
				SWIFT_ACTIVE_COMPILATION_CONDITIONS = "DEBUG $(inherited)";
				SWIFT_OPTIMIZATION_LEVEL = "-Onone";
			};
			name = Debug;
		};
		616A83AF2CB031AA0069E71C /* Release */ = {
			isa = XCBuildConfiguration;
			buildSettings = {
				ALWAYS_SEARCH_USER_PATHS = NO;
				ASSETCATALOG_COMPILER_GENERATE_SWIFT_ASSET_SYMBOL_EXTENSIONS = YES;
				CLANG_ANALYZER_NONNULL = YES;
				CLANG_ANALYZER_NUMBER_OBJECT_CONVERSION = YES_AGGRESSIVE;
				CLANG_CXX_LANGUAGE_STANDARD = "gnu++20";
				CLANG_ENABLE_MODULES = YES;
				CLANG_ENABLE_OBJC_ARC = YES;
				CLANG_ENABLE_OBJC_WEAK = YES;
				CLANG_WARN_BLOCK_CAPTURE_AUTORELEASING = YES;
				CLANG_WARN_BOOL_CONVERSION = YES;
				CLANG_WARN_COMMA = YES;
				CLANG_WARN_CONSTANT_CONVERSION = YES;
				CLANG_WARN_DEPRECATED_OBJC_IMPLEMENTATIONS = YES;
				CLANG_WARN_DIRECT_OBJC_ISA_USAGE = YES_ERROR;
				CLANG_WARN_DOCUMENTATION_COMMENTS = YES;
				CLANG_WARN_EMPTY_BODY = YES;
				CLANG_WARN_ENUM_CONVERSION = YES;
				CLANG_WARN_INFINITE_RECURSION = YES;
				CLANG_WARN_INT_CONVERSION = YES;
				CLANG_WARN_NON_LITERAL_NULL_CONVERSION = YES;
				CLANG_WARN_OBJC_IMPLICIT_RETAIN_SELF = YES;
				CLANG_WARN_OBJC_LITERAL_CONVERSION = YES;
				CLANG_WARN_OBJC_ROOT_CLASS = YES_ERROR;
				CLANG_WARN_QUOTED_INCLUDE_IN_FRAMEWORK_HEADER = YES;
				CLANG_WARN_RANGE_LOOP_ANALYSIS = YES;
				CLANG_WARN_STRICT_PROTOTYPES = YES;
				CLANG_WARN_SUSPICIOUS_MOVE = YES;
				CLANG_WARN_UNGUARDED_AVAILABILITY = YES_AGGRESSIVE;
				CLANG_WARN_UNREACHABLE_CODE = YES;
				CLANG_WARN__DUPLICATE_METHOD_MATCH = YES;
				COPY_PHASE_STRIP = NO;
				DEBUG_INFORMATION_FORMAT = "dwarf-with-dsym";
				ENABLE_NS_ASSERTIONS = NO;
				ENABLE_STRICT_OBJC_MSGSEND = YES;
				ENABLE_USER_SCRIPT_SANDBOXING = YES;
				GCC_C_LANGUAGE_STANDARD = gnu17;
				GCC_NO_COMMON_BLOCKS = YES;
				GCC_WARN_64_TO_32_BIT_CONVERSION = YES;
				GCC_WARN_ABOUT_RETURN_TYPE = YES_ERROR;
				GCC_WARN_UNDECLARED_SELECTOR = YES;
				GCC_WARN_UNINITIALIZED_AUTOS = YES_AGGRESSIVE;
				GCC_WARN_UNUSED_FUNCTION = YES;
				GCC_WARN_UNUSED_VARIABLE = YES;
				IPHONEOS_DEPLOYMENT_TARGET = 18.0;
				LOCALIZATION_PREFERS_STRING_CATALOGS = YES;
				MTL_ENABLE_DEBUG_INFO = NO;
				MTL_FAST_MATH = YES;
				SDKROOT = iphoneos;
				SWIFT_COMPILATION_MODE = wholemodule;
				VALIDATE_PRODUCT = YES;
			};
			name = Release;
		};
		616A83B12CB031AA0069E71C /* Debug */ = {
			isa = XCBuildConfiguration;
			buildSettings = {
				ASSETCATALOG_COMPILER_APPICON_NAME = AppIcon;
				ASSETCATALOG_COMPILER_GLOBAL_ACCENT_COLOR_NAME = AccentColor;
				CODE_SIGN_STYLE = Automatic;
				CURRENT_PROJECT_VERSION = 1;
				DEVELOPMENT_ASSET_PATHS = "\"ClearSky/Preview Content\"";
				DEVELOPMENT_TEAM = 3K8HM9CR5K;
				ENABLE_PREVIEWS = YES;
				GENERATE_INFOPLIST_FILE = YES;
				INFOPLIST_FILE = ClearSky/Info.plist;
				INFOPLIST_KEY_NSLocationAlwaysAndWhenInUseUsageDescription = "Location used to fetch weather";
				INFOPLIST_KEY_NSLocationWhenInUseUsageDescription = "Location used to fetch weather";
				INFOPLIST_KEY_UIApplicationSceneManifest_Generation = YES;
				INFOPLIST_KEY_UIApplicationSupportsIndirectInputEvents = YES;
				INFOPLIST_KEY_UISupportedInterfaceOrientations_iPad = "UIInterfaceOrientationPortrait UIInterfaceOrientationPortraitUpsideDown UIInterfaceOrientationLandscapeLeft UIInterfaceOrientationLandscapeRight";
				INFOPLIST_KEY_UISupportedInterfaceOrientations_iPhone = "UIInterfaceOrientationPortrait UIInterfaceOrientationLandscapeLeft UIInterfaceOrientationLandscapeRight";
				LD_RUNPATH_SEARCH_PATHS = (
					"$(inherited)",
					"@executable_path/Frameworks",
				);
				MARKETING_VERSION = 1.0;
				PRODUCT_BUNDLE_IDENTIFIER = com.dylanmccarthy.ClearSky;
				PRODUCT_NAME = "$(TARGET_NAME)";
				SWIFT_EMIT_LOC_STRINGS = YES;
				SWIFT_VERSION = 5.0;
				TARGETED_DEVICE_FAMILY = "1,2";
			};
			name = Debug;
		};
		616A83B22CB031AA0069E71C /* Release */ = {
			isa = XCBuildConfiguration;
			buildSettings = {
				ASSETCATALOG_COMPILER_APPICON_NAME = AppIcon;
				ASSETCATALOG_COMPILER_GLOBAL_ACCENT_COLOR_NAME = AccentColor;
				CODE_SIGN_STYLE = Automatic;
				CURRENT_PROJECT_VERSION = 1;
				DEVELOPMENT_ASSET_PATHS = "\"ClearSky/Preview Content\"";
				DEVELOPMENT_TEAM = 3K8HM9CR5K;
				ENABLE_PREVIEWS = YES;
				GENERATE_INFOPLIST_FILE = YES;
				INFOPLIST_FILE = ClearSky/Info.plist;
				INFOPLIST_KEY_NSLocationAlwaysAndWhenInUseUsageDescription = "Location used to fetch weather";
				INFOPLIST_KEY_NSLocationWhenInUseUsageDescription = "Location used to fetch weather";
				INFOPLIST_KEY_UIApplicationSceneManifest_Generation = YES;
				INFOPLIST_KEY_UIApplicationSupportsIndirectInputEvents = YES;
				INFOPLIST_KEY_UISupportedInterfaceOrientations_iPad = "UIInterfaceOrientationPortrait UIInterfaceOrientationPortraitUpsideDown UIInterfaceOrientationLandscapeLeft UIInterfaceOrientationLandscapeRight";
				INFOPLIST_KEY_UISupportedInterfaceOrientations_iPhone = "UIInterfaceOrientationPortrait UIInterfaceOrientationLandscapeLeft UIInterfaceOrientationLandscapeRight";
				LD_RUNPATH_SEARCH_PATHS = (
					"$(inherited)",
					"@executable_path/Frameworks",
				);
				MARKETING_VERSION = 1.0;
				PRODUCT_BUNDLE_IDENTIFIER = com.dylanmccarthy.ClearSky;
				PRODUCT_NAME = "$(TARGET_NAME)";
				SWIFT_EMIT_LOC_STRINGS = YES;
				SWIFT_VERSION = 5.0;
				TARGETED_DEVICE_FAMILY = "1,2";
			};
			name = Release;
		};
		616A83B42CB031AA0069E71C /* Debug */ = {
			isa = XCBuildConfiguration;
			buildSettings = {
				BUNDLE_LOADER = "$(TEST_HOST)";
				CODE_SIGN_STYLE = Automatic;
				CURRENT_PROJECT_VERSION = 1;
				DEVELOPMENT_TEAM = 3K8HM9CR5K;
				GENERATE_INFOPLIST_FILE = YES;
				IPHONEOS_DEPLOYMENT_TARGET = 18.0;
				MARKETING_VERSION = 1.0;
				PRODUCT_BUNDLE_IDENTIFIER = com.dylanmccarthy.ClearSkyTests;
				PRODUCT_NAME = "$(TARGET_NAME)";
				SWIFT_EMIT_LOC_STRINGS = NO;
				SWIFT_VERSION = 5.0;
				TARGETED_DEVICE_FAMILY = "1,2";
				TEST_HOST = "$(BUILT_PRODUCTS_DIR)/ClearSky.app/$(BUNDLE_EXECUTABLE_FOLDER_PATH)/ClearSky";
			};
			name = Debug;
		};
		616A83B52CB031AA0069E71C /* Release */ = {
			isa = XCBuildConfiguration;
			buildSettings = {
				BUNDLE_LOADER = "$(TEST_HOST)";
				CODE_SIGN_STYLE = Automatic;
				CURRENT_PROJECT_VERSION = 1;
				DEVELOPMENT_TEAM = 3K8HM9CR5K;
				GENERATE_INFOPLIST_FILE = YES;
				IPHONEOS_DEPLOYMENT_TARGET = 18.0;
				MARKETING_VERSION = 1.0;
				PRODUCT_BUNDLE_IDENTIFIER = com.dylanmccarthy.ClearSkyTests;
				PRODUCT_NAME = "$(TARGET_NAME)";
				SWIFT_EMIT_LOC_STRINGS = NO;
				SWIFT_VERSION = 5.0;
				TARGETED_DEVICE_FAMILY = "1,2";
				TEST_HOST = "$(BUILT_PRODUCTS_DIR)/ClearSky.app/$(BUNDLE_EXECUTABLE_FOLDER_PATH)/ClearSky";
			};
			name = Release;
		};
		616A83B72CB031AA0069E71C /* Debug */ = {
			isa = XCBuildConfiguration;
			buildSettings = {
				CODE_SIGN_STYLE = Automatic;
				CURRENT_PROJECT_VERSION = 1;
				DEVELOPMENT_TEAM = 3K8HM9CR5K;
				GENERATE_INFOPLIST_FILE = YES;
				MARKETING_VERSION = 1.0;
				PRODUCT_BUNDLE_IDENTIFIER = com.dylanmccarthy.ClearSkyUITests;
				PRODUCT_NAME = "$(TARGET_NAME)";
				SWIFT_EMIT_LOC_STRINGS = NO;
				SWIFT_VERSION = 5.0;
				TARGETED_DEVICE_FAMILY = "1,2";
				TEST_TARGET_NAME = ClearSky;
			};
			name = Debug;
		};
		616A83B82CB031AA0069E71C /* Release */ = {
			isa = XCBuildConfiguration;
			buildSettings = {
				CODE_SIGN_STYLE = Automatic;
				CURRENT_PROJECT_VERSION = 1;
				DEVELOPMENT_TEAM = 3K8HM9CR5K;
				GENERATE_INFOPLIST_FILE = YES;
				MARKETING_VERSION = 1.0;
				PRODUCT_BUNDLE_IDENTIFIER = com.dylanmccarthy.ClearSkyUITests;
				PRODUCT_NAME = "$(TARGET_NAME)";
				SWIFT_EMIT_LOC_STRINGS = NO;
				SWIFT_VERSION = 5.0;
				TARGETED_DEVICE_FAMILY = "1,2";
				TEST_TARGET_NAME = ClearSky;
			};
			name = Release;
		};
/* End XCBuildConfiguration section */

/* Begin XCConfigurationList section */
		616A83872CB031A90069E71C /* Build configuration list for PBXProject "ClearSky" */ = {
			isa = XCConfigurationList;
			buildConfigurations = (
				616A83AE2CB031AA0069E71C /* Debug */,
				616A83AF2CB031AA0069E71C /* Release */,
			);
			defaultConfigurationIsVisible = 0;
			defaultConfigurationName = Release;
		};
		616A83B02CB031AA0069E71C /* Build configuration list for PBXNativeTarget "ClearSky" */ = {
			isa = XCConfigurationList;
			buildConfigurations = (
				616A83B12CB031AA0069E71C /* Debug */,
				616A83B22CB031AA0069E71C /* Release */,
			);
			defaultConfigurationIsVisible = 0;
			defaultConfigurationName = Release;
		};
		616A83B32CB031AA0069E71C /* Build configuration list for PBXNativeTarget "ClearSkyTests" */ = {
			isa = XCConfigurationList;
			buildConfigurations = (
				616A83B42CB031AA0069E71C /* Debug */,
				616A83B52CB031AA0069E71C /* Release */,
			);
			defaultConfigurationIsVisible = 0;
			defaultConfigurationName = Release;
		};
		616A83B62CB031AA0069E71C /* Build configuration list for PBXNativeTarget "ClearSkyUITests" */ = {
			isa = XCConfigurationList;
			buildConfigurations = (
				616A83B72CB031AA0069E71C /* Debug */,
				616A83B82CB031AA0069E71C /* Release */,
			);
			defaultConfigurationIsVisible = 0;
			defaultConfigurationName = Release;
		};
/* End XCConfigurationList section */
	};
	rootObject = 616A83842CB031A90069E71C /* Project object */;
}
